
Microsoft Visual Studio Solution File, Format Version 12.00
# Visual Studio 15
VisualStudioVersion = 15.0.28307.489
MinimumVisualStudioVersion = 10.0.40219.1
Project("{FAE04EC0-301F-11D3-BF4B-00C04F79EFBC}") = "BookMS", "BookMS\BookMS.csproj", "{B89637FF-11E7-4F51-A0DA-0C60E6E26253}"
EndProject
Global
	GlobalSection(SolutionConfigurationPlatforms) = preSolution
		Debug|Any CPU = Debug|Any CPU
		Release|Any CPU = Release|Any CPU
	EndGlobalSection
	GlobalSection(ProjectConfigurationPlatforms) = postSolution
		{B89637FF-11E7-4F51-A0DA-0C60E6E26253}.Debug|Any CPU.ActiveCfg = Debug|Any CPU
		{B89637FF-11E7-4F51-A0DA-0C60E6E26253}.Debug|Any CPU.Build.0 = Debug|Any CPU
		{B89637FF-11E7-4F51-A0DA-0C60E6E26253}.Release|Any CPU.ActiveCfg = Release|Any CPU
		{B89637FF-11E7-4F51-A0DA-0C60E6E26253}.Release|Any CPU.Build.0 = Release|Any CPU
	EndGlobalSection
	GlobalSection(SolutionProperties) = preSolution
		HideSolutionNode = FALSE
	EndGlobalSection
	GlobalSection(ExtensibilityGlobals) = postSolution
		SolutionGuid = {DF26D4A3-D158-47F3-87B3-DC15ED45EADD}
	EndGlobalSection
EndGlobal
